# @generated - this file is auto-generated by `mise lock` https://mise.jdx.dev/dev-tools/mise-lock.html

[[tools.periphery]]
version = "3.8.0"
backend = "aqua:peripheryapp/periphery"

[tools.periphery."platforms.macos-arm64"]
checksum = "sha256:07d4e286e31dd79164df39097e0b59f533c94badbe18158464a455ea88a166d7"
url = "https://github.com/peripheryapp/periphery/releases/download/3.8.0/periphery-3.8.0.zip"
url_api = "https://api.github.com/repos/peripheryapp/periphery/releases/assets/489291944"

[tools.periphery."platforms.macos-x64"]
checksum = "sha256:07d4e286e31dd79164df39097e0b59f533c94badbe18158464a455ea88a166d7"
url = "https://github.com/peripheryapp/periphery/releases/download/3.8.0/periphery-3.8.0.zip"
url_api = "https://api.github.com/repos/peripheryapp/periphery/releases/assets/489291944"

[[tools.pre-commit]]
version = "4.6.2"
backend = "aqua:pre-commit/pre-commit"

[tools.pre-commit."platforms.linux-arm64"]
checksum = "sha256:43c09a73d82af8efff09900e60d76d67a2c3d990613c3c770b2b5c4418a16c4b"
url = "https://github.com/pre-commit/pre-commit/releases/download/v4.6.2/pre-commit-4.6.2.pyz"
url_api = "https://api.github.com/repos/pre-commit/pre-commit/releases/assets/509317714"

[tools.pre-commit."platforms.linux-arm64-musl"]
checksum = "sha256:43c09a73d82af8efff09900e60d76d67a2c3d990613c3c770b2b5c4418a16c4b"
url = "https://github.com/pre-commit/pre-commit/releases/download/v4.6.2/pre-commit-4.6.2.pyz"
url_api = "https://api.github.com/repos/pre-commit/pre-commit/releases/assets/509317714"

[tools.pre-commit."platforms.linux-x64"]
checksum = "sha256:43c09a73d82af8efff09900e60d76d67a2c3d990613c3c770b2b5c4418a16c4b"
url = "https://github.com/pre-commit/pre-commit/releases/download/v4.6.2/pre-commit-4.6.2.pyz"
url_api = "https://api.github.com/repos/pre-commit/pre-commit/releases/assets/509317714"

[tools.pre-commit."platforms.linux-x64-musl"]
checksum = "sha256:43c09a73d82af8efff09900e60d76d67a2c3d990613c3c770b2b5c4418a16c4b"
url = "https://github.com/pre-commit/pre-commit/releases/download/v4.6.2/pre-commit-4.6.2.pyz"
url_api = "https://api.github.com/repos/pre-commit/pre-commit/releases/assets/509317714"

[tools.pre-commit."platforms.macos-arm64"]
checksum = "sha256:43c09a73d82af8efff09900e60d76d67a2c3d990613c3c770b2b5c4418a16c4b"
url = "https://github.com/pre-commit/pre-commit/releases/download/v4.6.2/pre-commit-4.6.2.pyz"
url_api = "https://api.github.com/repos/pre-commit/pre-commit/releases/assets/509317714"

[tools.pre-commit."platforms.macos-x64"]
checksum = "sha256:43c09a73d82af8efff09900e60d76d67a2c3d990613c3c770b2b5c4418a16c4b"
url = "https://github.com/pre-commit/pre-commit/releases/download/v4.6.2/pre-commit-4.6.2.pyz"
url_api = "https://api.github.com/repos/pre-commit/pre-commit/releases/assets/509317714"

[[tools.swiftformat]]
version = "0.62.1"
backend = "asdf:swiftformat"

[[tools.swiftlint]]
version = "0.65.0"
backend = "aqua:realm/SwiftLint"

[tools.swiftlint."platforms.linux-arm64"]
checksum = "sha256:12d3b84bc5b69ae13a99a5a5c79904f9ce25867f099f6368d0037854f9ee6c26"
url = "https://github.com/realm/SwiftLint/releases/download/0.65.0/swiftlint_linux_arm64.zip"
url_api = "https://api.github.com/repos/realm/SwiftLint/releases/assets/459315166"

[tools.swiftlint."platforms.linux-arm64-musl"]
checksum = "sha256:12d3b84bc5b69ae13a99a5a5c79904f9ce25867f099f6368d0037854f9ee6c26"
url = "https://github.com/realm/SwiftLint/releases/download/0.65.0/swiftlint_linux_arm64.zip"
url_api = "https://api.github.com/repos/realm/SwiftLint/releases/assets/459315166"

[tools.swiftlint."platforms.linux-x64"]
checksum = "sha256:79306a34e5c7cc55a220cd108cbb861dcad5f10138dcdf261e2624ae8b0a486b"
url = "https://github.com/realm/SwiftLint/releases/download/0.65.0/swiftlint_linux_amd64.zip"
url_api = "https://api.github.com/repos/realm/SwiftLint/releases/assets/459315165"

[tools.swiftlint."platforms.linux-x64-musl"]
checksum = "sha256:79306a34e5c7cc55a220cd108cbb861dcad5f10138dcdf261e2624ae8b0a486b"
url = "https://github.com/realm/SwiftLint/releases/download/0.65.0/swiftlint_linux_amd64.zip"
url_api = "https://api.github.com/repos/realm/SwiftLint/releases/assets/459315165"

[tools.swiftlint."platforms.macos-arm64"]
checksum = "sha256:d6cb0aa7a2f5f1ef306fc9e37bcb54dc9a26facc8f7784ac0c3dd3eccf5c6ba6"
url = "https://github.com/realm/SwiftLint/releases/download/0.65.0/portable_swiftlint.zip"
url_api = "https://api.github.com/repos/realm/SwiftLint/releases/assets/459315152"

[tools.swiftlint."platforms.macos-x64"]
checksum = "sha256:d6cb0aa7a2f5f1ef306fc9e37bcb54dc9a26facc8f7784ac0c3dd3eccf5c6ba6"
url = "https://github.com/realm/SwiftLint/releases/download/0.65.0/portable_swiftlint.zip"
url_api = "https://api.github.com/repos/realm/SwiftLint/releases/assets/459315152"
