# @generated - this file is auto-generated by `mise lock` https://mise.jdx.dev/dev-tools/mise-lock.html

[[tools.periphery]]
version = "3.8.0"
backend = "aqua:peripheryapp/periphery"

[tools.periphery."platforms.macos-arm64"]
checksum = "sha256:07d4e286e31dd79164df39097e0b59f533c94badbe18158464a455ea88a166d7"
url = "https://github.com/peripheryapp/periphery/releases/download/3.8.0/periphery-3.8.0.zip"
url_api = "https://api.github.com/repos/peripheryapp/periphery/releases/assets/489291944"

[tools.periphery."platforms.macos-x64"]
checksum = "sha256:07d4e286e31dd79164df39097e0b59f533c94badbe18158464a455ea88a166d7"
url = "https://github.com/peripheryapp/periphery/releases/download/3.8.0/periphery-3.8.0.zip"
url_api = "https://api.github.com/repos/peripheryapp/periphery/releases/assets/489291944"

[[tools.pre-commit]]
version = "4.6.1"
backend = "aqua:pre-commit/pre-commit"

[tools.pre-commit."platforms.linux-arm64"]
checksum = "sha256:6768cc8f4f810509b9272211c70ef7bb405c52da2ba81b673b2c361a72f1815d"
url = "https://github.com/pre-commit/pre-commit/releases/download/v4.6.1/pre-commit-4.6.1.pyz"
url_api = "https://api.github.com/repos/pre-commit/pre-commit/releases/assets/485150759"

[tools.pre-commit."platforms.linux-arm64-musl"]
checksum = "sha256:6768cc8f4f810509b9272211c70ef7bb405c52da2ba81b673b2c361a72f1815d"
url = "https://github.com/pre-commit/pre-commit/releases/download/v4.6.1/pre-commit-4.6.1.pyz"
url_api = "https://api.github.com/repos/pre-commit/pre-commit/releases/assets/485150759"

[tools.pre-commit."platforms.linux-x64"]
checksum = "sha256:6768cc8f4f810509b9272211c70ef7bb405c52da2ba81b673b2c361a72f1815d"
url = "https://github.com/pre-commit/pre-commit/releases/download/v4.6.1/pre-commit-4.6.1.pyz"
url_api = "https://api.github.com/repos/pre-commit/pre-commit/releases/assets/485150759"

[tools.pre-commit."platforms.linux-x64-musl"]
checksum = "sha256:6768cc8f4f810509b9272211c70ef7bb405c52da2ba81b673b2c361a72f1815d"
url = "https://github.com/pre-commit/pre-commit/releases/download/v4.6.1/pre-commit-4.6.1.pyz"
url_api = "https://api.github.com/repos/pre-commit/pre-commit/releases/assets/485150759"

[tools.pre-commit."platforms.macos-arm64"]
checksum = "sha256:6768cc8f4f810509b9272211c70ef7bb405c52da2ba81b673b2c361a72f1815d"
url = "https://github.com/pre-commit/pre-commit/releases/download/v4.6.1/pre-commit-4.6.1.pyz"
url_api = "https://api.github.com/repos/pre-commit/pre-commit/releases/assets/485150759"

[tools.pre-commit."platforms.macos-x64"]
checksum = "sha256:6768cc8f4f810509b9272211c70ef7bb405c52da2ba81b673b2c361a72f1815d"
url = "https://github.com/pre-commit/pre-commit/releases/download/v4.6.1/pre-commit-4.6.1.pyz"
url_api = "https://api.github.com/repos/pre-commit/pre-commit/releases/assets/485150759"

[[tools.swift]]
version = "6.3.3"
backend = "core:swift"

[tools.swift."platforms.macos-arm64"]
url = "https://download.swift.org/swift-6.3.3-release/xcode/swift-6.3.3-RELEASE/swift-6.3.3-RELEASE-osx.pkg"

[tools.swift."platforms.macos-x64"]
url = "https://download.swift.org/swift-6.3.3-release/xcode/swift-6.3.3-RELEASE/swift-6.3.3-RELEASE-osx.pkg"

[[tools.swift]]
version = "6.3.3"
backend = "core:swift"

[tools.swift.options]
swift_platform = "ubuntu24.04"

[tools.swift."platforms.linux-arm64"]
url = "https://download.swift.org/swift-6.3.3-release/ubuntu2404-aarch64/swift-6.3.3-RELEASE/swift-6.3.3-RELEASE-ubuntu24.04-aarch64.tar.gz"

[tools.swift."platforms.linux-x64"]
url = "https://download.swift.org/swift-6.3.3-release/ubuntu2404/swift-6.3.3-RELEASE/swift-6.3.3-RELEASE-ubuntu24.04.tar.gz"

[[tools.swiftformat]]
version = "0.62.1"
backend = "asdf:swiftformat"

[[tools.swiftlint]]
version = "0.65.0"
backend = "aqua:realm/SwiftLint"

[tools.swiftlint."platforms.linux-arm64"]
checksum = "sha256:12d3b84bc5b69ae13a99a5a5c79904f9ce25867f099f6368d0037854f9ee6c26"
url = "https://github.com/realm/SwiftLint/releases/download/0.65.0/swiftlint_linux_arm64.zip"
url_api = "https://api.github.com/repos/realm/SwiftLint/releases/assets/459315166"

[tools.swiftlint."platforms.linux-arm64-musl"]
checksum = "sha256:12d3b84bc5b69ae13a99a5a5c79904f9ce25867f099f6368d0037854f9ee6c26"
url = "https://github.com/realm/SwiftLint/releases/download/0.65.0/swiftlint_linux_arm64.zip"
url_api = "https://api.github.com/repos/realm/SwiftLint/releases/assets/459315166"

[tools.swiftlint."platforms.linux-x64"]
checksum = "sha256:79306a34e5c7cc55a220cd108cbb861dcad5f10138dcdf261e2624ae8b0a486b"
url = "https://github.com/realm/SwiftLint/releases/download/0.65.0/swiftlint_linux_amd64.zip"
url_api = "https://api.github.com/repos/realm/SwiftLint/releases/assets/459315165"

[tools.swiftlint."platforms.linux-x64-musl"]
checksum = "sha256:79306a34e5c7cc55a220cd108cbb861dcad5f10138dcdf261e2624ae8b0a486b"
url = "https://github.com/realm/SwiftLint/releases/download/0.65.0/swiftlint_linux_amd64.zip"
url_api = "https://api.github.com/repos/realm/SwiftLint/releases/assets/459315165"

[tools.swiftlint."platforms.macos-arm64"]
checksum = "sha256:d6cb0aa7a2f5f1ef306fc9e37bcb54dc9a26facc8f7784ac0c3dd3eccf5c6ba6"
url = "https://github.com/realm/SwiftLint/releases/download/0.65.0/portable_swiftlint.zip"
url_api = "https://api.github.com/repos/realm/SwiftLint/releases/assets/459315152"

[tools.swiftlint."platforms.macos-x64"]
checksum = "sha256:d6cb0aa7a2f5f1ef306fc9e37bcb54dc9a26facc8f7784ac0c3dd3eccf5c6ba6"
url = "https://github.com/realm/SwiftLint/releases/download/0.65.0/portable_swiftlint.zip"
url_api = "https://api.github.com/repos/realm/SwiftLint/releases/assets/459315152"
