{
  "originHash" : "11db7190438aa4bf7a4e5048828177db9c8295057db10deff7996888b27021b8",
  "pins" : [
    {
      "identity" : "swift-collections",
      "kind" : "remoteSourceControl",
      "location" : "https://github.com/apple/swift-collections",
      "state" : {
        "revision" : "3b69cedbaa49957e97c092ae400bb57602ef941f",
        "version" : "1.7.2"
      }
    }
  ],
  "version" : 3
}
