{
  "originHash" : "1be70b299cb47c7d4c6a6bedc7b8aef9e0266289eba89007e1e3809dba1a0299",
  "pins" : [
    {
      "identity" : "swift-collections",
      "kind" : "remoteSourceControl",
      "location" : "https://github.com/apple/swift-collections",
      "state" : {
        "revision" : "a66de878e87ef5a3d5d390e0f6d9002aa5541a43",
        "version" : "1.7.0"
      }
    }
  ],
  "version" : 3
}
