{
  "originHash" : "11db7190438aa4bf7a4e5048828177db9c8295057db10deff7996888b27021b8",
  "pins" : [
    {
      "identity" : "swift-collections",
      "kind" : "remoteSourceControl",
      "location" : "https://github.com/apple/swift-collections",
      "state" : {
        "revision" : "a66de878e87ef5a3d5d390e0f6d9002aa5541a43",
        "version" : "1.7.0"
      }
    }
  ],
  "version" : 3
}
